<?xml version="1.0" encoding="UTF-8" standalone="yes" ?>
<CodeBlocks_project_file>
	<FileVersion major="1" minor="6" />
	<Project>
		<Option title="aesFile2" />
		<Option pch_mode="2" />
		<Option compiler="gcc" />
		<Build>
			<Target title="Debug">
				<Option output="bin/Debug/aesFile2" prefix_auto="1" extension_auto="1" />
				<Option object_output="obj/Debug/" />
				<Option type="1" />
				<Option compiler="gcc" />
				<Compiler>
					<Add option="-g" />
				</Compiler>
			</Target>
			<Target title="Release">
				<Option output="bin/Release/aesFile2" prefix_auto="1" extension_auto="1" />
				<Option object_output="obj/Release/" />
				<Option type="1" />
				<Option compiler="gcc" />
				<Compiler>
					<Add option="-O2" />
				</Compiler>
				<Linker>
					<Add option="-s" />
				</Linker>
			</Target>
		</Build>
		<Compiler>
			<Add option="-Wall" />
			<Add option="-fexceptions" />
		</Compiler>
		<Unit filename="aes.cpp" />
		<Unit filename="aes.h" />
		<Unit filename="aesFile2.cpp" />
		<Unit filename="csha256.cc" />
		<Unit filename="csha256.h" />
		<Unit filename="sha256.c">
			<Option compilerVar="CC" />
		</Unit>
		<Unit filename="sha256.h" />
		<Unit filename="strlcpy.c">
			<Option compilerVar="CC" />
		</Unit>
		<Unit filename="strlcpy.h" />
		<Extensions />
	</Project>
</CodeBlocks_project_file>
